
Microsoft Visual Studio Solution File, Format Version 10.00
# Visual Studio 2008
Project("{8BC9CEB8-8B4A-11D0-8D11-00A0C91BC942}") = "OpenHash", "OpenHash\OpenHash.vcproj", "{BB532FAC-92BB-453F-9FB3-17BB72BB33EE}"
EndProject
Global
	GlobalSection(SolutionConfigurationPlatforms) = preSolution
		Debug|Win32 = Debug|Win32
		Release|Win32 = Release|Win32
	EndGlobalSection
	GlobalSection(ProjectConfigurationPlatforms) = postSolution
		{BB532FAC-92BB-453F-9FB3-17BB72BB33EE}.Debug|Win32.ActiveCfg = Debug|Win32
		{BB532FAC-92BB-453F-9FB3-17BB72BB33EE}.Debug|Win32.Build.0 = Debug|Win32
		{BB532FAC-92BB-453F-9FB3-17BB72BB33EE}.Release|Win32.ActiveCfg = Release|Win32
		{BB532FAC-92BB-453F-9FB3-17BB72BB33EE}.Release|Win32.Build.0 = Release|Win32
	EndGlobalSection
	GlobalSection(SolutionProperties) = preSolution
		HideSolutionNode = FALSE
	EndGlobalSection
EndGlobal
